{
  "name": "cloudflare-functions",
  "version": "1.0.0",
  "lockfileVersion": 3,
  "requires": true,
  "packages": {
    "": {
      "name": "cloudflare-functions",
      "version": "1.0.0",
      "devDependencies": {
        "@cloudflare/workers-types": "^4.20240909.0"
      }
    },
    "node_modules/@cloudflare/workers-types": {
      "version": "4.20250927.0",
      "resolved": "https://registry.npmjs.org/@cloudflare/workers-types/-/workers-types-4.20250927.0.tgz",
      "integrity": "sha512-XcFVTMNhHROLQ+AbmK6KQuis72iGCdQXrjVl2xX98ac7w3fzUiNfTsu+SKBXN9dSEjgJEhhj0EXSAXh0b8lSww==",
      "dev": true,
      "license": "MIT OR Apache-2.0"
    }
  }
}
